
Microsoft Visual Studio Solution File, Format Version 12.00
# Visual Studio 15
VisualStudioVersion = 15.0.27703.2000
MinimumVisualStudioVersion = 10.0.40219.1
Project("{FAE04EC0-301F-11D3-BF4B-00C04F79EFBC}") = "AdlumenMVC.WebUI", "AdlumenMVC.WebUI\AdlumenMVC.WebUI.csproj", "{3AE58E61-5938-4116-B634-386C9AF403EA}"
EndProject
Project("{FAE04EC0-301F-11D3-BF4B-00C04F79EFBC}") = "AdlumenMVC.Models", "AdlumenMVC.Models\AdlumenMVC.Models.csproj", "{215DFFB9-18BA-4A93-A886-936FD1F528B8}"
EndProject
Project("{FAE04EC0-301F-11D3-BF4B-00C04F79EFBC}") = "AdlumenMVC.Resources", "AdlumenMVC.Resources\AdlumenMVC.Resources.csproj", "{48891242-7182-4E1C-B534-944D72DBFD38}"
EndProject
Project("{FAE04EC0-301F-11D3-BF4B-00C04F79EFBC}") = "AdlumenMVC.Bussiness", "AdlumenMVC.Bussiness\AdlumenMVC.Bussiness.csproj", "{BD2E3D2E-09DA-4CB2-8E61-37791FA68A10}"
EndProject
Project("{FAE04EC0-301F-11D3-BF4B-00C04F79EFBC}") = "AdlumenMVC.Tests", "AdlumenMVC.Tests\AdlumenMVC.Tests.csproj", "{2FCE44D3-A70A-4944-8275-26C9D3609DE4}"
EndProject
Global
	GlobalSection(SolutionConfigurationPlatforms) = preSolution
		Debug|Any CPU = Debug|Any CPU
		Release|Any CPU = Release|Any CPU
	EndGlobalSection
	GlobalSection(ProjectConfigurationPlatforms) = postSolution
		{3AE58E61-5938-4116-B634-386C9AF403EA}.Debug|Any CPU.ActiveCfg = Debug|Any CPU
		{3AE58E61-5938-4116-B634-386C9AF403EA}.Debug|Any CPU.Build.0 = Debug|Any CPU
		{3AE58E61-5938-4116-B634-386C9AF403EA}.Release|Any CPU.ActiveCfg = Release|Any CPU
		{3AE58E61-5938-4116-B634-386C9AF403EA}.Release|Any CPU.Build.0 = Release|Any CPU
		{215DFFB9-18BA-4A93-A886-936FD1F528B8}.Debug|Any CPU.ActiveCfg = Debug|Any CPU
		{215DFFB9-18BA-4A93-A886-936FD1F528B8}.Debug|Any CPU.Build.0 = Debug|Any CPU
		{215DFFB9-18BA-4A93-A886-936FD1F528B8}.Release|Any CPU.ActiveCfg = Release|Any CPU
		{215DFFB9-18BA-4A93-A886-936FD1F528B8}.Release|Any CPU.Build.0 = Release|Any CPU
		{48891242-7182-4E1C-B534-944D72DBFD38}.Debug|Any CPU.ActiveCfg = Debug|Any CPU
		{48891242-7182-4E1C-B534-944D72DBFD38}.Debug|Any CPU.Build.0 = Debug|Any CPU
		{48891242-7182-4E1C-B534-944D72DBFD38}.Release|Any CPU.ActiveCfg = Release|Any CPU
		{48891242-7182-4E1C-B534-944D72DBFD38}.Release|Any CPU.Build.0 = Release|Any CPU
		{BD2E3D2E-09DA-4CB2-8E61-37791FA68A10}.Debug|Any CPU.ActiveCfg = Debug|Any CPU
		{BD2E3D2E-09DA-4CB2-8E61-37791FA68A10}.Debug|Any CPU.Build.0 = Debug|Any CPU
		{BD2E3D2E-09DA-4CB2-8E61-37791FA68A10}.Release|Any CPU.ActiveCfg = Release|Any CPU
		{BD2E3D2E-09DA-4CB2-8E61-37791FA68A10}.Release|Any CPU.Build.0 = Release|Any CPU
		{2FCE44D3-A70A-4944-8275-26C9D3609DE4}.Debug|Any CPU.ActiveCfg = Debug|Any CPU
		{2FCE44D3-A70A-4944-8275-26C9D3609DE4}.Debug|Any CPU.Build.0 = Debug|Any CPU
		{2FCE44D3-A70A-4944-8275-26C9D3609DE4}.Release|Any CPU.ActiveCfg = Release|Any CPU
		{2FCE44D3-A70A-4944-8275-26C9D3609DE4}.Release|Any CPU.Build.0 = Release|Any CPU
	EndGlobalSection
	GlobalSection(SolutionProperties) = preSolution
		HideSolutionNode = FALSE
	EndGlobalSection
	GlobalSection(ExtensibilityGlobals) = postSolution
		SolutionGuid = {37B0AE21-0A89-4A33-A2F3-4195CC67385A}
	EndGlobalSection
EndGlobal
